
Microsoft Visual Studio Solution File, Format Version 12.00
# Visual Studio Version 17
VisualStudioVersion = 17.9.34701.34
MinimumVisualStudioVersion = 10.0.40219.1
Project("{9A19103F-16F7-4668-BE54-9A1E7A4F7556}") = "PTHostsConsumer", "PTHostsConsumer\PTHostsConsumer.csproj", "{5AB8A7B9-685F-4D85-A521-96FFEF829A0B}"
EndProject
Project("{FAE04EC0-301F-11D3-BF4B-00C04F79EFBC}") = "SecondaryApp", "SecondaryApp\SecondaryApp.csproj", "{8B66E9C9-6B8A-4CFD-9C52-04DA7436CA32}"
EndProject
Global
	GlobalSection(SolutionConfigurationPlatforms) = preSolution
		Debug|ARM64 = Debug|ARM64
		Debug|x64 = Debug|x64
		Debug|x86 = Debug|x86
		Release|ARM64 = Release|ARM64
		Release|x64 = Release|x64
		Release|x86 = Release|x86
	EndGlobalSection
	GlobalSection(ProjectConfigurationPlatforms) = postSolution
		{5AB8A7B9-685F-4D85-A521-96FFEF829A0B}.Debug|ARM64.ActiveCfg = Debug|ARM64
		{5AB8A7B9-685F-4D85-A521-96FFEF829A0B}.Debug|ARM64.Build.0 = Debug|ARM64
		{5AB8A7B9-685F-4D85-A521-96FFEF829A0B}.Debug|ARM64.Deploy.0 = Debug|ARM64
		{5AB8A7B9-685F-4D85-A521-96FFEF829A0B}.Debug|x64.ActiveCfg = Debug|x64
		{5AB8A7B9-685F-4D85-A521-96FFEF829A0B}.Debug|x64.Build.0 = Debug|x64
		{5AB8A7B9-685F-4D85-A521-96FFEF829A0B}.Debug|x64.Deploy.0 = Debug|x64
		{5AB8A7B9-685F-4D85-A521-96FFEF829A0B}.Debug|x86.ActiveCfg = Debug|x86
		{5AB8A7B9-685F-4D85-A521-96FFEF829A0B}.Debug|x86.Build.0 = Debug|x86
		{5AB8A7B9-685F-4D85-A521-96FFEF829A0B}.Debug|x86.Deploy.0 = Debug|x86
		{5AB8A7B9-685F-4D85-A521-96FFEF829A0B}.Release|ARM64.ActiveCfg = Release|ARM64
		{5AB8A7B9-685F-4D85-A521-96FFEF829A0B}.Release|ARM64.Build.0 = Release|ARM64
		{5AB8A7B9-685F-4D85-A521-96FFEF829A0B}.Release|ARM64.Deploy.0 = Release|ARM64
		{5AB8A7B9-685F-4D85-A521-96FFEF829A0B}.Release|x64.ActiveCfg = Release|x64
		{5AB8A7B9-685F-4D85-A521-96FFEF829A0B}.Release|x64.Build.0 = Release|x64
		{5AB8A7B9-685F-4D85-A521-96FFEF829A0B}.Release|x64.Deploy.0 = Release|x64
		{5AB8A7B9-685F-4D85-A521-96FFEF829A0B}.Release|x86.ActiveCfg = Release|x86
		{5AB8A7B9-685F-4D85-A521-96FFEF829A0B}.Release|x86.Build.0 = Release|x86
		{5AB8A7B9-685F-4D85-A521-96FFEF829A0B}.Release|x86.Deploy.0 = Release|x86
		{8B66E9C9-6B8A-4CFD-9C52-04DA7436CA32}.Debug|ARM64.ActiveCfg = Debug|ARM64
		{8B66E9C9-6B8A-4CFD-9C52-04DA7436CA32}.Debug|ARM64.Build.0 = Debug|ARM64
		{8B66E9C9-6B8A-4CFD-9C52-04DA7436CA32}.Debug|ARM64.Deploy.0 = Debug|ARM64
		{8B66E9C9-6B8A-4CFD-9C52-04DA7436CA32}.Debug|x64.ActiveCfg = Debug|x64
		{8B66E9C9-6B8A-4CFD-9C52-04DA7436CA32}.Debug|x64.Build.0 = Debug|x64
		{8B66E9C9-6B8A-4CFD-9C52-04DA7436CA32}.Debug|x64.Deploy.0 = Debug|x64
		{8B66E9C9-6B8A-4CFD-9C52-04DA7436CA32}.Debug|x86.ActiveCfg = Debug|x86
		{8B66E9C9-6B8A-4CFD-9C52-04DA7436CA32}.Debug|x86.Build.0 = Debug|x86
		{8B66E9C9-6B8A-4CFD-9C52-04DA7436CA32}.Debug|x86.Deploy.0 = Debug|x86
		{8B66E9C9-6B8A-4CFD-9C52-04DA7436CA32}.Release|ARM64.ActiveCfg = Release|ARM64
		{8B66E9C9-6B8A-4CFD-9C52-04DA7436CA32}.Release|ARM64.Build.0 = Release|ARM64
		{8B66E9C9-6B8A-4CFD-9C52-04DA7436CA32}.Release|ARM64.Deploy.0 = Release|ARM64
		{8B66E9C9-6B8A-4CFD-9C52-04DA7436CA32}.Release|x64.ActiveCfg = Release|x64
		{8B66E9C9-6B8A-4CFD-9C52-04DA7436CA32}.Release|x64.Build.0 = Release|x64
		{8B66E9C9-6B8A-4CFD-9C52-04DA7436CA32}.Release|x64.Deploy.0 = Release|x64
		{8B66E9C9-6B8A-4CFD-9C52-04DA7436CA32}.Release|x86.ActiveCfg = Release|x86
		{8B66E9C9-6B8A-4CFD-9C52-04DA7436CA32}.Release|x86.Build.0 = Release|x86
		{8B66E9C9-6B8A-4CFD-9C52-04DA7436CA32}.Release|x86.Deploy.0 = Release|x86
	EndGlobalSection
	GlobalSection(SolutionProperties) = preSolution
		HideSolutionNode = FALSE
	EndGlobalSection
	GlobalSection(ExtensibilityGlobals) = postSolution
		SolutionGuid = {853EBCA4-6B35-4173-9223-7190A5EB3602}
	EndGlobalSection
EndGlobal
